
Microsoft Visual Studio Solution File, Format Version 12.00
# Visual Studio Version 17
VisualStudioVersion = 17.2.32630.192
MinimumVisualStudioVersion = 10.0.40219.1
Project("{9A19103F-16F7-4668-BE54-9A1E7A4F7556}") = "API", "Naklejki\API.csproj", "{4EB7FEA4-CAE4-4309-9E61-E49F50D48571}"
EndProject
Project("{9A19103F-16F7-4668-BE54-9A1E7A4F7556}") = "Database", "Database\Database.csproj", "{4D328B86-EAAA-4350-8497-B374468EEEF2}"
EndProject
Global
	GlobalSection(SolutionConfigurationPlatforms) = preSolution
		Debug|Any CPU = Debug|Any CPU
		Release|Any CPU = Release|Any CPU
	EndGlobalSection
	GlobalSection(ProjectConfigurationPlatforms) = postSolution
		{4EB7FEA4-CAE4-4309-9E61-E49F50D48571}.Debug|Any CPU.ActiveCfg = Debug|Any CPU
		{4EB7FEA4-CAE4-4309-9E61-E49F50D48571}.Debug|Any CPU.Build.0 = Debug|Any CPU
		{4EB7FEA4-CAE4-4309-9E61-E49F50D48571}.Release|Any CPU.ActiveCfg = Release|Any CPU
		{4EB7FEA4-CAE4-4309-9E61-E49F50D48571}.Release|Any CPU.Build.0 = Release|Any CPU
		{4D328B86-EAAA-4350-8497-B374468EEEF2}.Debug|Any CPU.ActiveCfg = Debug|Any CPU
		{4D328B86-EAAA-4350-8497-B374468EEEF2}.Debug|Any CPU.Build.0 = Debug|Any CPU
		{4D328B86-EAAA-4350-8497-B374468EEEF2}.Release|Any CPU.ActiveCfg = Release|Any CPU
		{4D328B86-EAAA-4350-8497-B374468EEEF2}.Release|Any CPU.Build.0 = Release|Any CPU
	EndGlobalSection
	GlobalSection(SolutionProperties) = preSolution
		HideSolutionNode = FALSE
	EndGlobalSection
	GlobalSection(ExtensibilityGlobals) = postSolution
		SolutionGuid = {67A50B40-45C5-41BE-B883-E8FEF9EBF5C7}
	EndGlobalSection
EndGlobal
